
Microsoft Visual Studio Solution File, Format Version 12.00
Project("{FAE04EC0-301F-11D3-BF4B-00C04F79EFBC}") = "RayTracing", "RayTracing.csproj", "{ED2542C7-5E3B-4ED1-82BD-55032273BE0B}"
EndProject
Global
	GlobalSection(SolutionConfigurationPlatforms) = preSolution
		Debug|Any CPU = Debug|Any CPU
		Release|Any CPU = Release|Any CPU
	EndGlobalSection
	GlobalSection(ProjectConfigurationPlatforms) = postSolution
		{ED2542C7-5E3B-4ED1-82BD-55032273BE0B}.Debug|Any CPU.ActiveCfg = Debug|Any CPU
		{ED2542C7-5E3B-4ED1-82BD-55032273BE0B}.Debug|Any CPU.Build.0 = Debug|Any CPU
		{ED2542C7-5E3B-4ED1-82BD-55032273BE0B}.Release|Any CPU.ActiveCfg = Release|Any CPU
		{ED2542C7-5E3B-4ED1-82BD-55032273BE0B}.Release|Any CPU.Build.0 = Release|Any CPU
	EndGlobalSection
EndGlobal
